<?xml version="1.0" encoding="UTF-8" standalone="yes" ?>
<CodeBlocks_project_file>
	<FileVersion major="1" minor="6" />
	<Project>
		<Option title="Bike Dude" />
		<Option pch_mode="2" />
		<Option compiler="gcc" />
		<Build>
			<Target title="Debug">
				<Option output="../__bin/Debug/canvas" prefix_auto="1" extension_auto="1" />
				<Option working_dir="../" />
				<Option object_output="../__obj/Debug/" />
				<Option type="1" />
				<Option compiler="gcc" />
				<Compiler>
					<Add option="-std=c++11" />
					<Add option="-g" />
					<Add directory="include" />
					<Add directory="src/Player/" />
					<Add directory="src/Player" />
					<Add directory="src/" />
					<Add directory="Scenery" />
					<Add directory="src/Scenery" />
					<Add directory="src" />
				</Compiler>
			</Target>
			<Target title="Release">
				<Option output="../__bin/Release/canvas" prefix_auto="1" extension_auto="1" />
				<Option working_dir="../" />
				<Option object_output="../__obj/Release/" />
				<Option type="1" />
				<Option compiler="gcc" />
				<Compiler>
					<Add option="-std=c++11" />
					<Add option="-O2 -Wall" />
					<Add directory="include" />
					<Add directory="src/Player/" />
					<Add directory="src/Player" />
					<Add directory="src/" />
					<Add directory="Scenery" />
					<Add directory="src/Scenery" />
					<Add directory="src" />
				</Compiler>
				<Linker>
					<Add option="-s" />
				</Linker>
			</Target>
		</Build>
		<Compiler>
			<Add option="-Wall" />
			<Add option="-fexceptions" />
		</Compiler>
		<Linker>
			<Add library="../lib/libglu32.a" />
			<Add library="../lib/libopengl32.a" />
			<Add library="../lib/freeglut.lib" />
		</Linker>
		<Unit filename="include/GL/glut.h" />
		<Unit filename="src/Curve.cpp" />
		<Unit filename="src/Curve.h" />
		<Unit filename="src/Frames.h" />
		<Unit filename="src/Player/Bike.cpp" />
		<Unit filename="src/Player/Bike.h" />
		<Unit filename="src/Player/Leg.cpp" />
		<Unit filename="src/Player/Leg.h" />
		<Unit filename="src/Player/Pedal.cpp" />
		<Unit filename="src/Player/Pedal.h" />
		<Unit filename="src/Player/Player.cpp" />
		<Unit filename="src/Player/Player.h" />
		<Unit filename="src/Player/Stickman.cpp" />
		<Unit filename="src/Player/Stickman.h" />
		<Unit filename="src/Player/Wheel.cpp" />
		<Unit filename="src/Player/Wheel.h" />
		<Unit filename="src/RandomUtils.cpp" />
		<Unit filename="src/RandomUtils.h" />
		<Unit filename="src/Scenery/Background.cpp" />
		<Unit filename="src/Scenery/Background.h" />
		<Unit filename="src/Scenery/Building.cpp" />
		<Unit filename="src/Scenery/Building.h" />
		<Unit filename="src/Scenery/Grass.cpp" />
		<Unit filename="src/Scenery/Grass.h" />
		<Unit filename="src/Scenery/Mountain.cpp" />
		<Unit filename="src/Scenery/Mountain.h" />
		<Unit filename="src/Tooltip.cpp" />
		<Unit filename="src/Tooltip.h" />
		<Unit filename="src/UIComponent.cpp" />
		<Unit filename="src/UIComponent.h" />
		<Unit filename="src/UIManager.cpp" />
		<Unit filename="src/UIManager.h" />
		<Unit filename="src/Vector2.h" />
		<Unit filename="src/gl_canvas2d.cpp" />
		<Unit filename="src/gl_canvas2d.h" />
		<Unit filename="src/main.cpp" />
		<Extensions>
			<code_completion />
			<debugger />
			<envvars />
		</Extensions>
	</Project>
</CodeBlocks_project_file>
